{
  "version": 4,
  "terraform_version": "0.12.24",
  "serial": 358,
  "lineage": "828f326e-788c-9291-a4a8-105d64c6ff33",
  "outputs": {},
  "resources": [
    {
      "module": "module.rds",
      "mode": "data",
      "type": "aws_db_instance",
      "name": "database",
      "provider": "module.rds.provider.aws",
      "instances": [
        {
          "schema_version": 0,
          "attributes": {
            "address": "aurora-cluster-demo-1.cryctuyocaip.us-east-1.rds.amazonaws.com",
            "allocated_storage": 1,
            "auto_minor_version_upgrade": null,
            "availability_zone": "us-east-1a",
            "backup_retention_period": 5,
            "ca_cert_identifier": "rds-ca-2019",
            "db_cluster_identifier": "tformclusterone",
            "db_instance_arn": "arn:aws:rds:us-east-1:032037257384:db:aurora-cluster-demo-1",
            "db_instance_class": "db.t2.medium",
            "db_instance_identifier": "aurora-cluster-demo-1",
            "db_instance_port": 0,
            "db_name": "customer_onboard",
            "db_parameter_groups": [
              "default.aurora-mysql5.7"
            ],
            "db_security_groups": [],
            "db_subnet_group": "nhlprod2020",
            "enabled_cloudwatch_logs_exports": [],
            "endpoint": "aurora-cluster-demo-1.cryctuyocaip.us-east-1.rds.amazonaws.com:3306",
            "engine": "aurora-mysql",
            "engine_version": "5.7.mysql_aurora.2.07.0",
            "hosted_zone_id": "Z2R2ITUGPM61AM",
            "id": "aurora-cluster-demo-1",
            "iops": 0,
            "kms_key_id": "",
            "license_model": "general-public-license",
            "master_username": "dbc",
            "monitoring_interval": 0,
            "monitoring_role_arn": "",
            "multi_az": false,
            "option_group_memberships": [
              "default:aurora-mysql-5-7"
            ],
            "port": 3306,
            "preferred_backup_window": "07:00-09:00",
            "preferred_maintenance_window": "wed:06:26-wed:06:56",
            "publicly_accessible": false,
            "replicate_source_db": "",
            "resource_id": "db-VITMOSFS2KADGMVL3AHG6ALJE4",
            "storage_encrypted": false,
            "storage_type": "aurora",
            "tags": {
              "Name": "nhlprod2020"
            },
            "timezone": "",
            "vpc_security_groups": [
              "sg-0280d3a548bd96467"
            ]
          }
        }
      ]
    },
    {
      "module": "module.rds",
      "mode": "managed",
      "type": "aws_db_subnet_group",
      "name": "rds_subgroup",
      "provider": "module.rds.provider.aws",
      "instances": [
        {
          "schema_version": 0,
          "attributes": {
            "arn": "arn:aws:rds:us-east-1:032037257384:subgrp:nhlprod2020",
            "description": "Managed by Terraform",
            "id": "nhlprod2020",
            "name": "nhlprod2020",
            "name_prefix": null,
            "subnet_ids": [
              "subnet-0a4864752d805b044",
              "subnet-0ee8b1e15d4c9d7d2"
            ],
            "tags": {
              "Name": "nhlprod2020"
            }
          },
          "private": "bnVsbA==",
          "dependencies": [
            "module.networks.aws_subnet.awsobj1ta",
            "module.networks.aws_subnet.awsobj1tb",
            "module.networks.aws_vpc.aws_obj",
            "module.rds.aws_subnet.awsobj1ta",
            "module.rds.aws_subnet.awsobj1tb"
          ]
        }
      ]
    },
    {
      "module": "module.rds",
      "mode": "managed",
      "type": "aws_eip",
      "name": "testEip1",
      "each": "list",
      "provider": "module.rds.provider.aws",
      "instances": []
    },
    {
      "module": "module.bastion",
      "mode": "managed",
      "type": "aws_eip",
      "name": "testEip1",
      "each": "list",
      "provider": "module.bastion.provider.aws",
      "instances": []
    },
    {
      "module": "module.networks",
      "mode": "managed",
      "type": "aws_eip",
      "name": "testEip1",
      "provider": "module.networks.provider.aws",
      "instances": [
        {
          "schema_version": 0,
          "attributes": {
            "allocation_id": null,
            "associate_with_private_ip": null,
            "association_id": "",
            "domain": "vpc",
            "id": "eipalloc-04b67a79ff3cc82d7",
            "instance": "",
            "network_interface": "",
            "private_dns": null,
            "private_ip": "",
            "public_dns": "ec2-52-6-18-8.compute-1.amazonaws.com",
            "public_ip": "52.6.18.8",
            "public_ipv4_pool": "amazon",
            "tags": null,
            "timeouts": null,
            "vpc": true
          },
          "private": "eyJlMmJmYjczMC1lY2FhLTExZTYtOGY4OC0zNDM2M2JjN2M0YzAiOnsiZGVsZXRlIjoxODAwMDAwMDAwMDAsInJlYWQiOjkwMDAwMDAwMDAwMCwidXBkYXRlIjozMDAwMDAwMDAwMDB9fQ=="
        }
      ]
    },
    {
      "module": "module.rds",
      "mode": "managed",
      "type": "aws_eip",
      "name": "testEip2",
      "each": "list",
      "provider": "module.rds.provider.aws",
      "instances": []
    },
    {
      "module": "module.networks",
      "mode": "managed",
      "type": "aws_eip",
      "name": "testEip2",
      "provider": "module.networks.provider.aws",
      "instances": [
        {
          "schema_version": 0,
          "attributes": {
            "allocation_id": null,
            "associate_with_private_ip": null,
            "association_id": "",
            "domain": "vpc",
            "id": "eipalloc-02913accd809d6b9d",
            "instance": "",
            "network_interface": "",
            "private_dns": null,
            "private_ip": "",
            "public_dns": "ec2-52-204-116-47.compute-1.amazonaws.com",
            "public_ip": "52.204.116.47",
            "public_ipv4_pool": "amazon",
            "tags": null,
            "timeouts": null,
            "vpc": true
          },
          "private": "eyJlMmJmYjczMC1lY2FhLTExZTYtOGY4OC0zNDM2M2JjN2M0YzAiOnsiZGVsZXRlIjoxODAwMDAwMDAwMDAsInJlYWQiOjkwMDAwMDAwMDAwMCwidXBkYXRlIjozMDAwMDAwMDAwMDB9fQ=="
        }
      ]
    },
    {
      "module": "module.rds",
      "mode": "managed",
      "type": "aws_eip",
      "name": "testEip3",
      "each": "list",
      "provider": "module.rds.provider.aws",
      "instances": []
    },
    {
      "module": "module.networks",
      "mode": "managed",
      "type": "aws_eip",
      "name": "testEip3",
      "provider": "module.networks.provider.aws",
      "instances": [
        {
          "schema_version": 0,
          "attributes": {
            "allocation_id": null,
            "associate_with_private_ip": null,
            "association_id": "",
            "domain": "vpc",
            "id": "eipalloc-0c7d0c523ac2511aa",
            "instance": "",
            "network_interface": "",
            "private_dns": null,
            "private_ip": "",
            "public_dns": "ec2-54-172-56-112.compute-1.amazonaws.com",
            "public_ip": "54.172.56.112",
            "public_ipv4_pool": "amazon",
            "tags": null,
            "timeouts": null,
            "vpc": true
          },
          "private": "eyJlMmJmYjczMC1lY2FhLTExZTYtOGY4OC0zNDM2M2JjN2M0YzAiOnsiZGVsZXRlIjoxODAwMDAwMDAwMDAsInJlYWQiOjkwMDAwMDAwMDAwMCwidXBkYXRlIjozMDAwMDAwMDAwMDB9fQ=="
        }
      ]
    },
    {
      "module": "module.bastion",
      "mode": "managed",
      "type": "aws_instance",
      "name": "bastion",
      "provider": "module.bastion.provider.aws",
      "instances": [
        {
          "schema_version": 1,
          "attributes": {
            "ami": "ami-09d496c26aa745869",
            "arn": "arn:aws:ec2:us-east-1:032037257384:instance/i-0dc9b9914bb980a88",
            "associate_public_ip_address": true,
            "availability_zone": "us-east-1a",
            "cpu_core_count": 1,
            "cpu_threads_per_core": 1,
            "credit_specification": [
              {
                "cpu_credits": "standard"
              }
            ],
            "disable_api_termination": false,
            "ebs_block_device": [],
            "ebs_optimized": false,
            "ephemeral_block_device": [],
            "get_password_data": false,
            "hibernation": false,
            "host_id": null,
            "iam_instance_profile": "",
            "id": "i-0dc9b9914bb980a88",
            "instance_initiated_shutdown_behavior": null,
            "instance_state": "running",
            "instance_type": "t2.micro",
            "ipv6_address_count": 0,
            "ipv6_addresses": [],
            "key_name": "terraform_test",
            "metadata_options": [
              {
                "http_endpoint": "enabled",
                "http_put_response_hop_limit": 1,
                "http_tokens": "optional"
              }
            ],
            "monitoring": false,
            "network_interface": [],
            "network_interface_id": null,
            "password_data": "",
            "placement_group": "",
            "primary_network_interface_id": "eni-0f820ce3167a594e5",
            "private_dns": "ip-140-0-1-38.ec2.internal",
            "private_ip": "140.0.1.38",
            "public_dns": "",
            "public_ip": "35.175.251.119",
            "root_block_device": [
              {
                "delete_on_termination": true,
                "encrypted": false,
                "iops": 100,
                "kms_key_id": "",
                "volume_id": "vol-024e75819c37acd3d",
                "volume_size": 32,
                "volume_type": "gp2"
              }
            ],
            "security_groups": [
              "sg-092bad2bad503af3b"
            ],
            "source_dest_check": true,
            "subnet_id": "subnet-0ee8b1e15d4c9d7d2",
            "tags": {
              "Name": "nhlprod2020"
            },
            "tenancy": "default",
            "timeouts": null,
            "user_data": null,
            "user_data_base64": null,
            "volume_tags": {},
            "vpc_security_group_ids": [
              "sg-092bad2bad503af3b"
            ]
          },
          "private": "eyJlMmJmYjczMC1lY2FhLTExZTYtOGY4OC0zNDM2M2JjN2M0YzAiOnsiY3JlYXRlIjo2MDAwMDAwMDAwMDAsImRlbGV0ZSI6MTIwMDAwMDAwMDAwMCwidXBkYXRlIjo2MDAwMDAwMDAwMDB9LCJzY2hlbWFfdmVyc2lvbiI6IjEifQ==",
          "dependencies": [
            "module.bastion.aws_security_group.objawssec1",
            "module.bastion.aws_subnet.awsobj1ta",
            "module.bastion.aws_vpc.aws_obj",
            "module.networks.aws_subnet.awsobj1ta",
            "module.networks.aws_vpc.aws_obj"
          ]
        }
      ]
    },
    {
      "module": "module.rds",
      "mode": "managed",
      "type": "aws_internet_gateway",
      "name": "aws_obj",
      "each": "list",
      "provider": "module.rds.provider.aws",
      "instances": []
    },
    {
      "module": "module.bastion",
      "mode": "managed",
      "type": "aws_internet_gateway",
      "name": "aws_obj",
      "each": "list",
      "provider": "module.bastion.provider.aws",
      "instances": []
    },
    {
      "module": "module.networks",
      "mode": "managed",
      "type": "aws_internet_gateway",
      "name": "aws_obj",
      "provider": "module.networks.provider.aws",
      "instances": [
        {
          "schema_version": 0,
          "attributes": {
            "id": "igw-06e33ea6a1a776568",
            "owner_id": "032037257384",
            "tags": {
              "Name": "nhlprod2020"
            },
            "vpc_id": "vpc-0c370edad8695a9cc"
          },
          "private": "bnVsbA==",
          "dependencies": [
            "module.networks.aws_vpc.aws_obj"
          ]
        }
      ]
    },
    {
      "module": "module.bastion",
      "mode": "managed",
      "type": "aws_key_pair",
      "name": "deployer",
      "provider": "module.bastion.provider.aws",
      "instances": [
        {
          "schema_version": 1,
          "attributes": {
            "fingerprint": "d7:ff:a6:63:18:64:9c:57:a1:ee:ca:a4:ad:c2:81:62",
            "id": "deployer-key",
            "key_name": "deployer-key",
            "key_name_prefix": null,
            "key_pair_id": "key-0f02f333c2a1d1731",
            "public_key": "ssh-rsa AAAAB3NzaC1yc2EAAAADAQABAAABAQD3F6tyPEFEzV0LX3X8BsXdMsQz1x2cEikKDEY0aIj41qgxMCP/iteneqXSIFZBp5vizPvaoIR3Um9xK7PGoW8giupGn+EPuxIA4cDM4vzOqOkiMPhz5XK0whEjkVzTo4+S0puvDZuwIsdiW9mxhJc7tgBNL0cYlWSYVkz4G/fslNfRPW5mYAM49f4fhtxPb5ok4Q2Lg9dPKVHO/Bgeu5woMc7RY0p1ej6D4CKFE6lymSDJpW0YHX/wqE9+cfEauh7xZcG0q9t2ta6F6fmX0agvpFyZo8aFbXeUBr7osSCJNgvavWbM/06niWrOvYX2xwWdhXmXSrbX8ZbabVohBK41 email@example.com",
            "tags": null
          },
          "private": "eyJzY2hlbWFfdmVyc2lvbiI6IjEifQ=="
        }
      ]
    },
    {
      "module": "module.networks",
      "mode": "managed",
      "type": "aws_nat_gateway",
      "name": "natpub",
      "provider": "module.networks.provider.aws",
      "instances": [
        {
          "schema_version": 0,
          "attributes": {
            "allocation_id": "eipalloc-0c7d0c523ac2511aa",
            "id": "nat-0103bfcda76e27d33",
            "network_interface_id": "eni-09b69cb7e7cd480b2",
            "private_ip": "140.0.1.8",
            "public_ip": "54.172.56.112",
            "subnet_id": "subnet-0ee8b1e15d4c9d7d2",
            "tags": {
              "Name": "nhlprod2020"
            }
          },
          "private": "bnVsbA==",
          "dependencies": [
            "module.networks.aws_eip.testEip3",
            "module.networks.aws_subnet.awsobj1ta",
            "module.networks.aws_vpc.aws_obj"
          ]
        }
      ]
    },
    {
      "module": "module.rds",
      "mode": "managed",
      "type": "aws_rds_cluster",
      "name": "myprivcluster",
      "provider": "module.rds.provider.aws",
      "instances": [
        {
          "schema_version": 0,
          "attributes": {
            "apply_immediately": null,
            "arn": "arn:aws:rds:us-east-1:032037257384:cluster:tformclusterone",
            "availability_zones": [
              "us-east-1a",
              "us-east-1b",
              "us-east-1e"
            ],
            "backtrack_window": 0,
            "backup_retention_period": 5,
            "cluster_identifier": "tformclusterone",
            "cluster_identifier_prefix": null,
            "cluster_members": [],
            "cluster_resource_id": "cluster-5REXYYWP5FVSXG47L227W7QL44",
            "copy_tags_to_snapshot": false,
            "database_name": "customer_onboard",
            "db_cluster_parameter_group_name": "default.aurora-mysql5.7",
            "db_subnet_group_name": "nhlprod2020",
            "deletion_protection": false,
            "enable_http_endpoint": false,
            "enabled_cloudwatch_logs_exports": null,
            "endpoint": "tformclusterone.cluster-cryctuyocaip.us-east-1.rds.amazonaws.com",
            "engine": "aurora-mysql",
            "engine_mode": "provisioned",
            "engine_version": "5.7.mysql_aurora.2.07.0",
            "final_snapshot_identifier": "fsnapid1",
            "global_cluster_identifier": "",
            "hosted_zone_id": "Z2R2ITUGPM61AM",
            "iam_database_authentication_enabled": false,
            "iam_roles": null,
            "id": "tformclusterone",
            "kms_key_id": "",
            "master_password": "icobdbc99",
            "master_username": "dbc",
            "port": 3306,
            "preferred_backup_window": "07:00-09:00",
            "preferred_maintenance_window": "fri:04:20-fri:04:50",
            "reader_endpoint": "tformclusterone.cluster-ro-cryctuyocaip.us-east-1.rds.amazonaws.com",
            "replication_source_identifier": "",
            "s3_import": [],
            "scaling_configuration": [],
            "skip_final_snapshot": true,
            "snapshot_identifier": null,
            "source_region": null,
            "storage_encrypted": false,
            "tags": {
              "Name": "nhlprod2020"
            },
            "timeouts": null,
            "vpc_security_group_ids": [
              "sg-0280d3a548bd96467"
            ]
          },
          "private": "eyJlMmJmYjczMC1lY2FhLTExZTYtOGY4OC0zNDM2M2JjN2M0YzAiOnsiY3JlYXRlIjo3MjAwMDAwMDAwMDAwLCJkZWxldGUiOjcyMDAwMDAwMDAwMDAsInVwZGF0ZSI6NzIwMDAwMDAwMDAwMH19",
          "dependencies": [
            "module.networks.aws_subnet.awsobj1ta",
            "module.networks.aws_subnet.awsobj1tb",
            "module.networks.aws_vpc.aws_obj",
            "module.rds.aws_db_subnet_group.rds_subgroup",
            "module.rds.aws_subnet.awsobj1ta",
            "module.rds.aws_subnet.awsobj1tb"
          ]
        }
      ]
    },
    {
      "module": "module.rds",
      "mode": "managed",
      "type": "aws_rds_cluster_instance",
      "name": "cluster_instance_1",
      "each": "list",
      "provider": "module.rds.provider.aws",
      "instances": [
        {
          "index_key": 0,
          "schema_version": 0,
          "attributes": {
            "apply_immediately": null,
            "arn": "arn:aws:rds:us-east-1:032037257384:db:aurora-cluster-demo-1",
            "auto_minor_version_upgrade": true,
            "availability_zone": "us-east-1a",
            "ca_cert_identifier": "rds-ca-2019",
            "cluster_identifier": "tformclusterone",
            "copy_tags_to_snapshot": false,
            "db_parameter_group_name": "default.aurora-mysql5.7",
            "db_subnet_group_name": "nhlprod2020",
            "dbi_resource_id": "db-VITMOSFS2KADGMVL3AHG6ALJE4",
            "endpoint": "aurora-cluster-demo-1.cryctuyocaip.us-east-1.rds.amazonaws.com",
            "engine": "aurora-mysql",
            "engine_version": "5.7.mysql_aurora.2.07.0",
            "id": "aurora-cluster-demo-1",
            "identifier": "aurora-cluster-demo-1",
            "identifier_prefix": null,
            "instance_class": "db.t2.medium",
            "kms_key_id": "",
            "monitoring_interval": 0,
            "monitoring_role_arn": "",
            "performance_insights_enabled": false,
            "performance_insights_kms_key_id": "",
            "port": 3306,
            "preferred_backup_window": "07:00-09:00",
            "preferred_maintenance_window": "wed:06:26-wed:06:56",
            "promotion_tier": 0,
            "publicly_accessible": false,
            "storage_encrypted": false,
            "tags": {
              "Name": "nhlprod2020"
            },
            "timeouts": null,
            "writer": true
          },
          "private": "eyJlMmJmYjczMC1lY2FhLTExZTYtOGY4OC0zNDM2M2JjN2M0YzAiOnsiY3JlYXRlIjo1NDAwMDAwMDAwMDAwLCJkZWxldGUiOjU0MDAwMDAwMDAwMDAsInVwZGF0ZSI6NTQwMDAwMDAwMDAwMH19",
          "dependencies": [
            "module.networks.aws_subnet.awsobj1ta",
            "module.networks.aws_subnet.awsobj1tb",
            "module.networks.aws_vpc.aws_obj",
            "module.rds.aws_db_subnet_group.rds_subgroup",
            "module.rds.aws_rds_cluster.myprivcluster",
            "module.rds.aws_subnet.awsobj1ta",
            "module.rds.aws_subnet.awsobj1tb"
          ]
        }
      ]
    },
    {
      "module": "module.networks",
      "mode": "managed",
      "type": "aws_route_table",
      "name": "test1Public",
      "provider": "module.networks.provider.aws",
      "instances": [
        {
          "schema_version": 0,
          "attributes": {
            "id": "rtb-04ddf332dcc7ad414",
            "owner_id": "032037257384",
            "propagating_vgws": [],
            "route": [
              {
                "cidr_block": "0.0.0.0/0",
                "egress_only_gateway_id": "",
                "gateway_id": "nat-0103bfcda76e27d33",
                "instance_id": "",
                "ipv6_cidr_block": "",
                "nat_gateway_id": "",
                "network_interface_id": "",
                "transit_gateway_id": "",
                "vpc_peering_connection_id": ""
              }
            ],
            "tags": {
              "Name": "nhlprod2020"
            },
            "vpc_id": "vpc-0c370edad8695a9cc"
          },
          "private": "bnVsbA==",
          "dependencies": [
            "module.networks.aws_eip.testEip3",
            "module.networks.aws_nat_gateway.natpub",
            "module.networks.aws_subnet.awsobj1ta",
            "module.networks.aws_vpc.aws_obj"
          ]
        }
      ]
    },
    {
      "module": "module.networks",
      "mode": "managed",
      "type": "aws_route_table",
      "name": "test1priva",
      "provider": "module.networks.provider.aws",
      "instances": [
        {
          "schema_version": 0,
          "attributes": {
            "id": "rtb-0d68565bc00bf11a9",
            "owner_id": "032037257384",
            "propagating_vgws": [],
            "route": [
              {
                "cidr_block": "0.0.0.0/0",
                "egress_only_gateway_id": "",
                "gateway_id": "",
                "instance_id": "",
                "ipv6_cidr_block": "",
                "nat_gateway_id": "nat-0103bfcda76e27d33",
                "network_interface_id": "",
                "transit_gateway_id": "",
                "vpc_peering_connection_id": ""
              }
            ],
            "tags": {
              "Name": "nhlprod2020"
            },
            "vpc_id": "vpc-0c370edad8695a9cc"
          },
          "private": "bnVsbA==",
          "dependencies": [
            "module.networks.aws_eip.testEip3",
            "module.networks.aws_nat_gateway.natpub",
            "module.networks.aws_subnet.awsobj1ta",
            "module.networks.aws_vpc.aws_obj"
          ]
        }
      ]
    },
    {
      "module": "module.networks",
      "mode": "managed",
      "type": "aws_route_table_association",
      "name": "rtassa",
      "provider": "module.networks.provider.aws",
      "instances": [
        {
          "schema_version": 0,
          "attributes": {
            "gateway_id": null,
            "id": "rtbassoc-05ee7bb7b17aaa63b",
            "route_table_id": "rtb-04ddf332dcc7ad414",
            "subnet_id": "subnet-0ee8b1e15d4c9d7d2"
          },
          "private": "bnVsbA==",
          "dependencies": [
            "module.networks.aws_eip.testEip3",
            "module.networks.aws_nat_gateway.natpub",
            "module.networks.aws_route_table.test1Public",
            "module.networks.aws_subnet.awsobj1ta",
            "module.networks.aws_vpc.aws_obj"
          ]
        }
      ]
    },
    {
      "module": "module.networks",
      "mode": "managed",
      "type": "aws_route_table_association",
      "name": "rtassb",
      "provider": "module.networks.provider.aws",
      "instances": [
        {
          "schema_version": 0,
          "attributes": {
            "gateway_id": null,
            "id": "rtbassoc-04c2af807d6ef7b93",
            "route_table_id": "rtb-0d68565bc00bf11a9",
            "subnet_id": "subnet-0a4864752d805b044"
          },
          "private": "bnVsbA==",
          "dependencies": [
            "module.networks.aws_eip.testEip3",
            "module.networks.aws_nat_gateway.natpub",
            "module.networks.aws_route_table.test1priva",
            "module.networks.aws_subnet.awsobj1ta",
            "module.networks.aws_subnet.awsobj1tb",
            "module.networks.aws_vpc.aws_obj"
          ]
        }
      ]
    },
    {
      "module": "module.networks",
      "mode": "managed",
      "type": "aws_route_table_association",
      "name": "rtassc",
      "provider": "module.networks.provider.aws",
      "instances": [
        {
          "schema_version": 0,
          "attributes": {
            "gateway_id": null,
            "id": "rtbassoc-0269f45c898c246be",
            "route_table_id": "rtb-0d68565bc00bf11a9",
            "subnet_id": "subnet-08831990ebd915e85"
          },
          "private": "bnVsbA==",
          "dependencies": [
            "module.networks.aws_eip.testEip3",
            "module.networks.aws_nat_gateway.natpub",
            "module.networks.aws_route_table.test1priva",
            "module.networks.aws_subnet.awsobj1ta",
            "module.networks.aws_subnet.awsobj1tc",
            "module.networks.aws_vpc.aws_obj"
          ]
        }
      ]
    },
    {
      "module": "module.bastion",
      "mode": "managed",
      "type": "aws_security_group",
      "name": "objawssec1",
      "provider": "module.bastion.provider.aws",
      "instances": [
        {
          "schema_version": 1,
          "attributes": {
            "arn": "arn:aws:ec2:us-east-1:032037257384:security-group/sg-092bad2bad503af3b",
            "description": "ec2 bastion host SG",
            "egress": [
              {
                "cidr_blocks": [
                  "0.0.0.0/0"
                ],
                "description": "",
                "from_port": 0,
                "ipv6_cidr_blocks": [],
                "prefix_list_ids": [],
                "protocol": "-1",
                "security_groups": [],
                "self": false,
                "to_port": 0
              }
            ],
            "id": "sg-092bad2bad503af3b",
            "ingress": [
              {
                "cidr_blocks": [
                  "0.0.0.0/0"
                ],
                "description": "rdp",
                "from_port": 3389,
                "ipv6_cidr_blocks": [],
                "prefix_list_ids": [],
                "protocol": "tcp",
                "security_groups": [],
                "self": false,
                "to_port": 3389
              }
            ],
            "name": "ec2bastionrules",
            "name_prefix": null,
            "owner_id": "032037257384",
            "revoke_rules_on_delete": false,
            "tags": null,
            "timeouts": null,
            "vpc_id": "vpc-0c370edad8695a9cc"
          },
          "private": "eyJlMmJmYjczMC1lY2FhLTExZTYtOGY4OC0zNDM2M2JjN2M0YzAiOnsiY3JlYXRlIjo2MDAwMDAwMDAwMDAsImRlbGV0ZSI6NjAwMDAwMDAwMDAwfSwic2NoZW1hX3ZlcnNpb24iOiIxIn0=",
          "dependencies": [
            "module.bastion.aws_vpc.aws_obj",
            "module.networks.aws_vpc.aws_obj"
          ]
        }
      ]
    },
    {
      "module": "module.rds",
      "mode": "managed",
      "type": "aws_security_group_rule",
      "name": "addrule1",
      "provider": "module.rds.provider.aws",
      "instances": [
        {
          "schema_version": 2,
          "attributes": {
            "cidr_blocks": [
              "0.0.0.0/0"
            ],
            "description": null,
            "from_port": 3306,
            "id": "sgrule-1730778180",
            "ipv6_cidr_blocks": null,
            "prefix_list_ids": null,
            "protocol": "tcp",
            "security_group_id": "sg-0280d3a548bd96467",
            "self": false,
            "source_security_group_id": null,
            "to_port": 3306,
            "type": "ingress"
          },
          "private": "eyJzY2hlbWFfdmVyc2lvbiI6IjIifQ==",
          "dependencies": [
            "module.networks.aws_subnet.awsobj1ta",
            "module.networks.aws_subnet.awsobj1tb",
            "module.networks.aws_vpc.aws_obj",
            "module.rds.aws_db_subnet_group.rds_subgroup",
            "module.rds.aws_rds_cluster.myprivcluster",
            "module.rds.aws_rds_cluster_instance.cluster_instance_1",
            "module.rds.aws_subnet.awsobj1ta",
            "module.rds.aws_subnet.awsobj1tb"
          ]
        }
      ]
    },
    {
      "module": "module.rds",
      "mode": "managed",
      "type": "aws_subnet",
      "name": "awsobj1ta",
      "each": "list",
      "provider": "module.rds.provider.aws",
      "instances": []
    },
    {
      "module": "module.bastion",
      "mode": "managed",
      "type": "aws_subnet",
      "name": "awsobj1ta",
      "each": "list",
      "provider": "module.bastion.provider.aws",
      "instances": []
    },
    {
      "module": "module.networks",
      "mode": "managed",
      "type": "aws_subnet",
      "name": "awsobj1ta",
      "provider": "module.networks.provider.aws",
      "instances": [
        {
          "schema_version": 1,
          "attributes": {
            "arn": "arn:aws:ec2:us-east-1:032037257384:subnet/subnet-0ee8b1e15d4c9d7d2",
            "assign_ipv6_address_on_creation": false,
            "availability_zone": "us-east-1a",
            "availability_zone_id": "use1-az6",
            "cidr_block": "140.0.1.0/24",
            "id": "subnet-0ee8b1e15d4c9d7d2",
            "ipv6_cidr_block": "",
            "ipv6_cidr_block_association_id": "",
            "map_public_ip_on_launch": false,
            "owner_id": "032037257384",
            "tags": {
              "Name": "nhlprod2020"
            },
            "timeouts": null,
            "vpc_id": "vpc-0c370edad8695a9cc"
          },
          "private": "eyJlMmJmYjczMC1lY2FhLTExZTYtOGY4OC0zNDM2M2JjN2M0YzAiOnsiY3JlYXRlIjo2MDAwMDAwMDAwMDAsImRlbGV0ZSI6MTIwMDAwMDAwMDAwMH0sInNjaGVtYV92ZXJzaW9uIjoiMSJ9",
          "dependencies": [
            "module.networks.aws_vpc.aws_obj"
          ]
        }
      ]
    },
    {
      "module": "module.rds",
      "mode": "managed",
      "type": "aws_subnet",
      "name": "awsobj1tb",
      "each": "list",
      "provider": "module.rds.provider.aws",
      "instances": []
    },
    {
      "module": "module.networks",
      "mode": "managed",
      "type": "aws_subnet",
      "name": "awsobj1tb",
      "provider": "module.networks.provider.aws",
      "instances": [
        {
          "schema_version": 1,
          "attributes": {
            "arn": "arn:aws:ec2:us-east-1:032037257384:subnet/subnet-0a4864752d805b044",
            "assign_ipv6_address_on_creation": false,
            "availability_zone": "us-east-1b",
            "availability_zone_id": "use1-az1",
            "cidr_block": "140.0.2.0/24",
            "id": "subnet-0a4864752d805b044",
            "ipv6_cidr_block": "",
            "ipv6_cidr_block_association_id": "",
            "map_public_ip_on_launch": false,
            "owner_id": "032037257384",
            "tags": {
              "Name": "nhlprod2020"
            },
            "timeouts": null,
            "vpc_id": "vpc-0c370edad8695a9cc"
          },
          "private": "eyJlMmJmYjczMC1lY2FhLTExZTYtOGY4OC0zNDM2M2JjN2M0YzAiOnsiY3JlYXRlIjo2MDAwMDAwMDAwMDAsImRlbGV0ZSI6MTIwMDAwMDAwMDAwMH0sInNjaGVtYV92ZXJzaW9uIjoiMSJ9",
          "dependencies": [
            "module.networks.aws_vpc.aws_obj"
          ]
        }
      ]
    },
    {
      "module": "module.rds",
      "mode": "managed",
      "type": "aws_subnet",
      "name": "awsobj1tc",
      "each": "list",
      "provider": "module.rds.provider.aws",
      "instances": []
    },
    {
      "module": "module.networks",
      "mode": "managed",
      "type": "aws_subnet",
      "name": "awsobj1tc",
      "provider": "module.networks.provider.aws",
      "instances": [
        {
          "schema_version": 1,
          "attributes": {
            "arn": "arn:aws:ec2:us-east-1:032037257384:subnet/subnet-08831990ebd915e85",
            "assign_ipv6_address_on_creation": false,
            "availability_zone": "us-east-1c",
            "availability_zone_id": "use1-az2",
            "cidr_block": "140.0.3.0/24",
            "id": "subnet-08831990ebd915e85",
            "ipv6_cidr_block": "",
            "ipv6_cidr_block_association_id": "",
            "map_public_ip_on_launch": false,
            "owner_id": "032037257384",
            "tags": {
              "Name": "nhlprod2020"
            },
            "timeouts": null,
            "vpc_id": "vpc-0c370edad8695a9cc"
          },
          "private": "eyJlMmJmYjczMC1lY2FhLTExZTYtOGY4OC0zNDM2M2JjN2M0YzAiOnsiY3JlYXRlIjo2MDAwMDAwMDAwMDAsImRlbGV0ZSI6MTIwMDAwMDAwMDAwMH0sInNjaGVtYV92ZXJzaW9uIjoiMSJ9",
          "dependencies": [
            "module.networks.aws_vpc.aws_obj"
          ]
        }
      ]
    },
    {
      "module": "module.rds",
      "mode": "managed",
      "type": "aws_vpc",
      "name": "aws_obj",
      "each": "list",
      "provider": "module.rds.provider.aws",
      "instances": []
    },
    {
      "module": "module.bastion",
      "mode": "managed",
      "type": "aws_vpc",
      "name": "aws_obj",
      "each": "list",
      "provider": "module.bastion.provider.aws",
      "instances": []
    },
    {
      "module": "module.networks",
      "mode": "managed",
      "type": "aws_vpc",
      "name": "aws_obj",
      "provider": "module.networks.provider.aws",
      "instances": [
        {
          "schema_version": 1,
          "attributes": {
            "arn": "arn:aws:ec2:us-east-1:032037257384:vpc/vpc-0c370edad8695a9cc",
            "assign_generated_ipv6_cidr_block": false,
            "cidr_block": "140.0.0.0/16",
            "default_network_acl_id": "acl-00562b2dd869bb8ed",
            "default_route_table_id": "rtb-0f82aeb19ad38d300",
            "default_security_group_id": "sg-0280d3a548bd96467",
            "dhcp_options_id": "dopt-c92d61b2",
            "enable_classiclink": false,
            "enable_classiclink_dns_support": false,
            "enable_dns_hostnames": false,
            "enable_dns_support": true,
            "id": "vpc-0c370edad8695a9cc",
            "instance_tenancy": "default",
            "ipv6_association_id": "",
            "ipv6_cidr_block": "",
            "main_route_table_id": "rtb-0f82aeb19ad38d300",
            "owner_id": "032037257384",
            "tags": {
              "Name": "nhlprod2020"
            }
          },
          "private": "eyJzY2hlbWFfdmVyc2lvbiI6IjEifQ=="
        }
      ]
    }
  ]
}
